
Microsoft Visual Studio Solution File, Format Version 12.00
# Visual Studio 15
VisualStudioVersion = 15.0.26124.0
MinimumVisualStudioVersion = 15.0.26124.0
Project("{FAE04EC0-301F-11D3-BF4B-00C04F79EFBC}") = "Hydra.Customers.API", "Hydra.Customers.API\Hydra.Customers.API.csproj", "{9A6F8E8A-DAF2-405E-8EAB-737EA67AE045}"
EndProject
Project("{FAE04EC0-301F-11D3-BF4B-00C04F79EFBC}") = "Hydra.Customers.Application", "Hydra.Customers.Application\Hydra.Customers.Application.csproj", "{C657F9CD-E0B0-4B6D-9609-64CC019DBA62}"
EndProject
Project("{FAE04EC0-301F-11D3-BF4B-00C04F79EFBC}") = "Hydra.Customers.Infrastructure", "Hydra.Customers.Infrastructure\Hydra.Customers.Infrastructure.csproj", "{BF210E35-C7B5-40F9-B5A2-44AA9D8F4CF2}"
EndProject
Project("{FAE04EC0-301F-11D3-BF4B-00C04F79EFBC}") = "Hydra.Customers.Domain", "Hydra.Customers.Domain\Hydra.Customers.Domain.csproj", "{52DF6BEB-FA70-413D-9E63-67BCFDFCF4BB}"
EndProject
Project("{2150E333-8FDC-42A3-9474-1A3956D46DE8}") = "Building Blocks", "Building Blocks", "{7421C1A0-0AC0-11EB-8DAD-E791BE1BB5CC}"
EndProject
Project("{FAE04EC0-301F-11D3-BF4B-00C04F79EFBC}") = "Hydra.Core", "..\hydra-core\Hydra.Core\Hydra.Core.csproj", "{8E54A08E-9BC0-4E48-B37E-3999FF7D68E7}"
EndProject
Project("{FAE04EC0-301F-11D3-BF4B-00C04F79EFBC}") = "Hydra.WebAPI.Core", "..\..\hydra-core\Hydra.WebAPI.Core\Hydra.WebAPI.Core.csproj", "{7DABB775-E313-4BA9-BFE2-5191BA19271E}"
EndProject
Project("{FAE04EC0-301F-11D3-BF4B-00C04F79EFBC}") = "Hydra.Core.Integration", "..\hydra-core\Hydra.Core.Integration\Hydra.Core.Integration.csproj", "{8238CADA-CE28-4062-BCDD-555D06D86D16}"
EndProject
Project("{FAE04EC0-301F-11D3-BF4B-00C04F79EFBC}") = "Hydra.Core.MessageBus", "..\hydra-core\Hydra.Core.MessageBus\Hydra.Core.MessageBus.csproj", "{9DE9CD2F-0125-42D2-B6A6-C70F28095126}"
EndProject
Project("{2150E333-8FDC-42A3-9474-1A3956D46DE8}") = "Integrations", "Integrations", "{D6077310-0CD2-11EB-978E-091D6E1E80E0}"
EndProject
Global
	GlobalSection(SolutionConfigurationPlatforms) = preSolution
		Debug|Any CPU = Debug|Any CPU
		Debug|x64 = Debug|x64
		Debug|x86 = Debug|x86
		Release|Any CPU = Release|Any CPU
		Release|x64 = Release|x64
		Release|x86 = Release|x86
	EndGlobalSection
	GlobalSection(SolutionProperties) = preSolution
		HideSolutionNode = FALSE
	EndGlobalSection
	GlobalSection(ProjectConfigurationPlatforms) = postSolution
		{9A6F8E8A-DAF2-405E-8EAB-737EA67AE045}.Debug|Any CPU.ActiveCfg = Debug|Any CPU
		{9A6F8E8A-DAF2-405E-8EAB-737EA67AE045}.Debug|Any CPU.Build.0 = Debug|Any CPU
		{9A6F8E8A-DAF2-405E-8EAB-737EA67AE045}.Debug|x64.ActiveCfg = Debug|Any CPU
		{9A6F8E8A-DAF2-405E-8EAB-737EA67AE045}.Debug|x64.Build.0 = Debug|Any CPU
		{9A6F8E8A-DAF2-405E-8EAB-737EA67AE045}.Debug|x86.ActiveCfg = Debug|Any CPU
		{9A6F8E8A-DAF2-405E-8EAB-737EA67AE045}.Debug|x86.Build.0 = Debug|Any CPU
		{9A6F8E8A-DAF2-405E-8EAB-737EA67AE045}.Release|Any CPU.ActiveCfg = Release|Any CPU
		{9A6F8E8A-DAF2-405E-8EAB-737EA67AE045}.Release|Any CPU.Build.0 = Release|Any CPU
		{9A6F8E8A-DAF2-405E-8EAB-737EA67AE045}.Release|x64.ActiveCfg = Release|Any CPU
		{9A6F8E8A-DAF2-405E-8EAB-737EA67AE045}.Release|x64.Build.0 = Release|Any CPU
		{9A6F8E8A-DAF2-405E-8EAB-737EA67AE045}.Release|x86.ActiveCfg = Release|Any CPU
		{9A6F8E8A-DAF2-405E-8EAB-737EA67AE045}.Release|x86.Build.0 = Release|Any CPU
		{C657F9CD-E0B0-4B6D-9609-64CC019DBA62}.Debug|Any CPU.ActiveCfg = Debug|Any CPU
		{C657F9CD-E0B0-4B6D-9609-64CC019DBA62}.Debug|Any CPU.Build.0 = Debug|Any CPU
		{C657F9CD-E0B0-4B6D-9609-64CC019DBA62}.Debug|x64.ActiveCfg = Debug|Any CPU
		{C657F9CD-E0B0-4B6D-9609-64CC019DBA62}.Debug|x64.Build.0 = Debug|Any CPU
		{C657F9CD-E0B0-4B6D-9609-64CC019DBA62}.Debug|x86.ActiveCfg = Debug|Any CPU
		{C657F9CD-E0B0-4B6D-9609-64CC019DBA62}.Debug|x86.Build.0 = Debug|Any CPU
		{C657F9CD-E0B0-4B6D-9609-64CC019DBA62}.Release|Any CPU.ActiveCfg = Release|Any CPU
		{C657F9CD-E0B0-4B6D-9609-64CC019DBA62}.Release|Any CPU.Build.0 = Release|Any CPU
		{C657F9CD-E0B0-4B6D-9609-64CC019DBA62}.Release|x64.ActiveCfg = Release|Any CPU
		{C657F9CD-E0B0-4B6D-9609-64CC019DBA62}.Release|x64.Build.0 = Release|Any CPU
		{C657F9CD-E0B0-4B6D-9609-64CC019DBA62}.Release|x86.ActiveCfg = Release|Any CPU
		{C657F9CD-E0B0-4B6D-9609-64CC019DBA62}.Release|x86.Build.0 = Release|Any CPU
		{BF210E35-C7B5-40F9-B5A2-44AA9D8F4CF2}.Debug|Any CPU.ActiveCfg = Debug|Any CPU
		{BF210E35-C7B5-40F9-B5A2-44AA9D8F4CF2}.Debug|Any CPU.Build.0 = Debug|Any CPU
		{BF210E35-C7B5-40F9-B5A2-44AA9D8F4CF2}.Debug|x64.ActiveCfg = Debug|Any CPU
		{BF210E35-C7B5-40F9-B5A2-44AA9D8F4CF2}.Debug|x64.Build.0 = Debug|Any CPU
		{BF210E35-C7B5-40F9-B5A2-44AA9D8F4CF2}.Debug|x86.ActiveCfg = Debug|Any CPU
		{BF210E35-C7B5-40F9-B5A2-44AA9D8F4CF2}.Debug|x86.Build.0 = Debug|Any CPU
		{BF210E35-C7B5-40F9-B5A2-44AA9D8F4CF2}.Release|Any CPU.ActiveCfg = Release|Any CPU
		{BF210E35-C7B5-40F9-B5A2-44AA9D8F4CF2}.Release|Any CPU.Build.0 = Release|Any CPU
		{BF210E35-C7B5-40F9-B5A2-44AA9D8F4CF2}.Release|x64.ActiveCfg = Release|Any CPU
		{BF210E35-C7B5-40F9-B5A2-44AA9D8F4CF2}.Release|x64.Build.0 = Release|Any CPU
		{BF210E35-C7B5-40F9-B5A2-44AA9D8F4CF2}.Release|x86.ActiveCfg = Release|Any CPU
		{BF210E35-C7B5-40F9-B5A2-44AA9D8F4CF2}.Release|x86.Build.0 = Release|Any CPU
		{52DF6BEB-FA70-413D-9E63-67BCFDFCF4BB}.Debug|Any CPU.ActiveCfg = Debug|Any CPU
		{52DF6BEB-FA70-413D-9E63-67BCFDFCF4BB}.Debug|Any CPU.Build.0 = Debug|Any CPU
		{52DF6BEB-FA70-413D-9E63-67BCFDFCF4BB}.Debug|x64.ActiveCfg = Debug|Any CPU
		{52DF6BEB-FA70-413D-9E63-67BCFDFCF4BB}.Debug|x64.Build.0 = Debug|Any CPU
		{52DF6BEB-FA70-413D-9E63-67BCFDFCF4BB}.Debug|x86.ActiveCfg = Debug|Any CPU
		{52DF6BEB-FA70-413D-9E63-67BCFDFCF4BB}.Debug|x86.Build.0 = Debug|Any CPU
		{52DF6BEB-FA70-413D-9E63-67BCFDFCF4BB}.Release|Any CPU.ActiveCfg = Release|Any CPU
		{52DF6BEB-FA70-413D-9E63-67BCFDFCF4BB}.Release|Any CPU.Build.0 = Release|Any CPU
		{52DF6BEB-FA70-413D-9E63-67BCFDFCF4BB}.Release|x64.ActiveCfg = Release|Any CPU
		{52DF6BEB-FA70-413D-9E63-67BCFDFCF4BB}.Release|x64.Build.0 = Release|Any CPU
		{52DF6BEB-FA70-413D-9E63-67BCFDFCF4BB}.Release|x86.ActiveCfg = Release|Any CPU
		{52DF6BEB-FA70-413D-9E63-67BCFDFCF4BB}.Release|x86.Build.0 = Release|Any CPU
		{8E54A08E-9BC0-4E48-B37E-3999FF7D68E7}.Debug|Any CPU.ActiveCfg = Debug|Any CPU
		{8E54A08E-9BC0-4E48-B37E-3999FF7D68E7}.Debug|Any CPU.Build.0 = Debug|Any CPU
		{8E54A08E-9BC0-4E48-B37E-3999FF7D68E7}.Debug|x64.ActiveCfg = Debug|Any CPU
		{8E54A08E-9BC0-4E48-B37E-3999FF7D68E7}.Debug|x64.Build.0 = Debug|Any CPU
		{8E54A08E-9BC0-4E48-B37E-3999FF7D68E7}.Debug|x86.ActiveCfg = Debug|Any CPU
		{8E54A08E-9BC0-4E48-B37E-3999FF7D68E7}.Debug|x86.Build.0 = Debug|Any CPU
		{8E54A08E-9BC0-4E48-B37E-3999FF7D68E7}.Release|Any CPU.ActiveCfg = Release|Any CPU
		{8E54A08E-9BC0-4E48-B37E-3999FF7D68E7}.Release|Any CPU.Build.0 = Release|Any CPU
		{8E54A08E-9BC0-4E48-B37E-3999FF7D68E7}.Release|x64.ActiveCfg = Release|Any CPU
		{8E54A08E-9BC0-4E48-B37E-3999FF7D68E7}.Release|x64.Build.0 = Release|Any CPU
		{8E54A08E-9BC0-4E48-B37E-3999FF7D68E7}.Release|x86.ActiveCfg = Release|Any CPU
		{8E54A08E-9BC0-4E48-B37E-3999FF7D68E7}.Release|x86.Build.0 = Release|Any CPU
		{7DABB775-E313-4BA9-BFE2-5191BA19271E}.Debug|Any CPU.ActiveCfg = Debug|Any CPU
		{7DABB775-E313-4BA9-BFE2-5191BA19271E}.Debug|Any CPU.Build.0 = Debug|Any CPU
		{7DABB775-E313-4BA9-BFE2-5191BA19271E}.Debug|x64.ActiveCfg = Debug|Any CPU
		{7DABB775-E313-4BA9-BFE2-5191BA19271E}.Debug|x64.Build.0 = Debug|Any CPU
		{7DABB775-E313-4BA9-BFE2-5191BA19271E}.Debug|x86.ActiveCfg = Debug|Any CPU
		{7DABB775-E313-4BA9-BFE2-5191BA19271E}.Debug|x86.Build.0 = Debug|Any CPU
		{7DABB775-E313-4BA9-BFE2-5191BA19271E}.Release|Any CPU.ActiveCfg = Release|Any CPU
		{7DABB775-E313-4BA9-BFE2-5191BA19271E}.Release|Any CPU.Build.0 = Release|Any CPU
		{7DABB775-E313-4BA9-BFE2-5191BA19271E}.Release|x64.ActiveCfg = Release|Any CPU
		{7DABB775-E313-4BA9-BFE2-5191BA19271E}.Release|x64.Build.0 = Release|Any CPU
		{7DABB775-E313-4BA9-BFE2-5191BA19271E}.Release|x86.ActiveCfg = Release|Any CPU
		{7DABB775-E313-4BA9-BFE2-5191BA19271E}.Release|x86.Build.0 = Release|Any CPU
		{8238CADA-CE28-4062-BCDD-555D06D86D16}.Debug|Any CPU.ActiveCfg = Debug|Any CPU
		{8238CADA-CE28-4062-BCDD-555D06D86D16}.Debug|Any CPU.Build.0 = Debug|Any CPU
		{8238CADA-CE28-4062-BCDD-555D06D86D16}.Debug|x64.ActiveCfg = Debug|Any CPU
		{8238CADA-CE28-4062-BCDD-555D06D86D16}.Debug|x64.Build.0 = Debug|Any CPU
		{8238CADA-CE28-4062-BCDD-555D06D86D16}.Debug|x86.ActiveCfg = Debug|Any CPU
		{8238CADA-CE28-4062-BCDD-555D06D86D16}.Debug|x86.Build.0 = Debug|Any CPU
		{8238CADA-CE28-4062-BCDD-555D06D86D16}.Release|Any CPU.ActiveCfg = Release|Any CPU
		{8238CADA-CE28-4062-BCDD-555D06D86D16}.Release|Any CPU.Build.0 = Release|Any CPU
		{8238CADA-CE28-4062-BCDD-555D06D86D16}.Release|x64.ActiveCfg = Release|Any CPU
		{8238CADA-CE28-4062-BCDD-555D06D86D16}.Release|x64.Build.0 = Release|Any CPU
		{8238CADA-CE28-4062-BCDD-555D06D86D16}.Release|x86.ActiveCfg = Release|Any CPU
		{8238CADA-CE28-4062-BCDD-555D06D86D16}.Release|x86.Build.0 = Release|Any CPU
		{9DE9CD2F-0125-42D2-B6A6-C70F28095126}.Debug|Any CPU.ActiveCfg = Debug|Any CPU
		{9DE9CD2F-0125-42D2-B6A6-C70F28095126}.Debug|Any CPU.Build.0 = Debug|Any CPU
		{9DE9CD2F-0125-42D2-B6A6-C70F28095126}.Debug|x64.ActiveCfg = Debug|Any CPU
		{9DE9CD2F-0125-42D2-B6A6-C70F28095126}.Debug|x64.Build.0 = Debug|Any CPU
		{9DE9CD2F-0125-42D2-B6A6-C70F28095126}.Debug|x86.ActiveCfg = Debug|Any CPU
		{9DE9CD2F-0125-42D2-B6A6-C70F28095126}.Debug|x86.Build.0 = Debug|Any CPU
		{9DE9CD2F-0125-42D2-B6A6-C70F28095126}.Release|Any CPU.ActiveCfg = Release|Any CPU
		{9DE9CD2F-0125-42D2-B6A6-C70F28095126}.Release|Any CPU.Build.0 = Release|Any CPU
		{9DE9CD2F-0125-42D2-B6A6-C70F28095126}.Release|x64.ActiveCfg = Release|Any CPU
		{9DE9CD2F-0125-42D2-B6A6-C70F28095126}.Release|x64.Build.0 = Release|Any CPU
		{9DE9CD2F-0125-42D2-B6A6-C70F28095126}.Release|x86.ActiveCfg = Release|Any CPU
		{9DE9CD2F-0125-42D2-B6A6-C70F28095126}.Release|x86.Build.0 = Release|Any CPU
	EndGlobalSection
	GlobalSection(NestedProjects) = preSolution
		{9DE9CD2F-0125-42D2-B6A6-C70F28095126} = {D6077310-0CD2-11EB-978E-091D6E1E80E0}
		{D6077310-0CD2-11EB-978E-091D6E1E80E0} = {7421C1A0-0AC0-11EB-8DAD-E791BE1BB5CC}
		{8238CADA-CE28-4062-BCDD-555D06D86D16} = {D6077310-0CD2-11EB-978E-091D6E1E80E0}
		{7DABB775-E313-4BA9-BFE2-5191BA19271E} = {7421C1A0-0AC0-11EB-8DAD-E791BE1BB5CC}
		{8E54A08E-9BC0-4E48-B37E-3999FF7D68E7} = {7421C1A0-0AC0-11EB-8DAD-E791BE1BB5CC}
	EndGlobalSection
EndGlobal
